Microsoft Visual Studio Solution File, Format Version 12.00
# Visual Studio Version 17
VisualStudioVersion = 17.5.2.0
MinimumVisualStudioVersion = 10.0.40219.1
Project("{2150E333-8FDC-42A3-9474-1A3956D46DE8}") = "Source", "Source", "{B8EFCA5F-814F-285C-A8CB-F00F14650265}"
EndProject
Project("{FAE04EC0-301F-11D3-BF4B-00C04F79EFBC}") = "IntimacyMoodNerf", "Source\IntimacyMoodNerf.csproj", "{BC137F4D-07A1-09D1-1E24-F231A6925ED6}"
EndProject
Global
	GlobalSection(SolutionConfigurationPlatforms) = preSolution
		Debug|Any CPU = Debug|Any CPU
		Release|Any CPU = Release|Any CPU
	EndGlobalSection
	GlobalSection(ProjectConfigurationPlatforms) = postSolution
		{BC137F4D-07A1-09D1-1E24-F231A6925ED6}.Debug|Any CPU.ActiveCfg = Debug|Any CPU
		{BC137F4D-07A1-09D1-1E24-F231A6925ED6}.Debug|Any CPU.Build.0 = Debug|Any CPU
		{BC137F4D-07A1-09D1-1E24-F231A6925ED6}.Release|Any CPU.ActiveCfg = Release|Any CPU
		{BC137F4D-07A1-09D1-1E24-F231A6925ED6}.Release|Any CPU.Build.0 = Release|Any CPU
	EndGlobalSection
	GlobalSection(SolutionProperties) = preSolution
		HideSolutionNode = FALSE
	EndGlobalSection
	GlobalSection(NestedProjects) = preSolution
		{BC137F4D-07A1-09D1-1E24-F231A6925ED6} = {B8EFCA5F-814F-285C-A8CB-F00F14650265}
	EndGlobalSection
	GlobalSection(ExtensibilityGlobals) = postSolution
		SolutionGuid = {990B2C1D-44E9-4DD8-A7D0-C82102B14E59}
	EndGlobalSection
EndGlobal
